
Microsoft Visual Studio Solution File, Format Version 12.00
# Visual Studio Version 16
VisualStudioVersion = 16.0.33423.256
MinimumVisualStudioVersion = 10.0.40219.1
Project("{FAE04EC0-301F-11D3-BF4B-00C04F79EFBC}") = "WektorBiblioteka", "Jacek Matulewski - wektor - Zadanie\WektorBiblioteka.csproj", "{08DA4A4B-6D16-4097-A793-C9C913FE6FED}"
EndProject
Project("{FAE04EC0-301F-11D3-BF4B-00C04F79EFBC}") = "WektorPrezentacja", "WektorPrezentacja\WektorPrezentacja.csproj", "{41626AB9-6432-4B1E-9DEA-85AE47077B86}"
EndProject
Global
	GlobalSection(SolutionConfigurationPlatforms) = preSolution
		Debug|Any CPU = Debug|Any CPU
		Release|Any CPU = Release|Any CPU
	EndGlobalSection
	GlobalSection(ProjectConfigurationPlatforms) = postSolution
		{08DA4A4B-6D16-4097-A793-C9C913FE6FED}.Debug|Any CPU.ActiveCfg = Debug|Any CPU
		{08DA4A4B-6D16-4097-A793-C9C913FE6FED}.Debug|Any CPU.Build.0 = Debug|Any CPU
		{08DA4A4B-6D16-4097-A793-C9C913FE6FED}.Release|Any CPU.ActiveCfg = Release|Any CPU
		{08DA4A4B-6D16-4097-A793-C9C913FE6FED}.Release|Any CPU.Build.0 = Release|Any CPU
		{41626AB9-6432-4B1E-9DEA-85AE47077B86}.Debug|Any CPU.ActiveCfg = Debug|Any CPU
		{41626AB9-6432-4B1E-9DEA-85AE47077B86}.Debug|Any CPU.Build.0 = Debug|Any CPU
		{41626AB9-6432-4B1E-9DEA-85AE47077B86}.Release|Any CPU.ActiveCfg = Release|Any CPU
		{41626AB9-6432-4B1E-9DEA-85AE47077B86}.Release|Any CPU.Build.0 = Release|Any CPU
	EndGlobalSection
	GlobalSection(SolutionProperties) = preSolution
		HideSolutionNode = FALSE
	EndGlobalSection
	GlobalSection(ExtensibilityGlobals) = postSolution
		SolutionGuid = {1AEFB30F-BD85-47E0-B3B7-0E9359FB1D29}
	EndGlobalSection
EndGlobal
